{
  "nodes": {
    "flake-utils": {
      "inputs": {
        "systems": "systems"
      },
      "locked": {
        "lastModified": 1731533236,
        "narHash": "sha256-l0KFg5HjrsfsO/JpG+r7fRrqm12kzFHyUHqHCVpMMbI=",
        "owner": "numtide",
        "repo": "flake-utils",
        "rev": "11707dc2f618dd54ca8739b309ec4fc024de578b",
        "type": "github"
      },
      "original": {
        "owner": "numtide",
        "repo": "flake-utils",
        "type": "github"
      }
    },
    "home-manager": {
      "inputs": {
        "nixpkgs": [
          "nixpkgs"
        ]
      },
      "locked": {
        "lastModified": 1772985285,
        "narHash": "sha256-wEEmvfqJcl9J0wyMgMrj1TixOgInBW/6tLPhWGoZE3s=",
        "owner": "nix-community",
        "repo": "home-manager",
        "rev": "5be5d8245cbc7bc0c09fbb5f38f23f223c543f85",
        "type": "github"
      },
      "original": {
        "owner": "nix-community",
        "repo": "home-manager",
        "type": "github"
      }
    },
    "nixpkgs": {
      "locked": {
        "lastModified": 1772963539,
        "narHash": "sha256-9jVDGZnvCckTGdYT53d/EfznygLskyLQXYwJLKMPsZs=",
        "owner": "NixOS",
        "repo": "nixpkgs",
        "rev": "9dcb002ca1690658be4a04645215baea8b95f31d",
        "type": "github"
      },
      "original": {
        "owner": "NixOS",
        "ref": "nixos-unstable",
        "repo": "nixpkgs",
        "type": "github"
      }
    },
    "root": {
      "inputs": {
        "home-manager": "home-manager",
        "nixpkgs": "nixpkgs",
        "tigerwm": "tigerwm"
      }
    },
    "systems": {
      "locked": {
        "lastModified": 1681028828,
        "narHash": "sha256-Vy1rq5AaRuLzOxct8nz4T6wlgyUR7zLU309k9mBC768=",
        "owner": "nix-systems",
        "repo": "default",
        "rev": "da67096a3b9bf56a91d16901293e51ba5b49a27e",
        "type": "github"
      },
      "original": {
        "owner": "nix-systems",
        "repo": "default",
        "type": "github"
      }
    },
    "tigerwm": {
      "inputs": {
        "flake-utils": "flake-utils",
        "nixpkgs": [
          "nixpkgs"
        ]
      },
      "locked": {
        "lastModified": 1773129182,
        "narHash": "sha256-DZOKvGXXvrHLM75t6Yc9vwKk3wS5HyX6pUyZQy/CIlc=",
        "ref": "refs/heads/main",
        "rev": "e60e34f42bc76ece45e2e14b4c8db47363daff83",
        "revCount": 1406,
        "type": "git",
        "url": "ssh://git@github.com/toziegler/tigerWM.git"
      },
      "original": {
        "type": "git",
        "url": "ssh://git@github.com/toziegler/tigerWM.git"
      }
    }
  },
  "root": "root",
  "version": 7
}
